
Microsoft Visual Studio Solution File, Format Version 12.00
# Visual Studio Version 16
VisualStudioVersion = 16.0.29709.97
MinimumVisualStudioVersion = 10.0.40219.1
Project("{2150E333-8FDC-42A3-9474-1A3956D46DE8}") = "001_SimplePlugin", "001_SimplePlugin", "{530DF0C0-F3AA-475A-9C8C-45F46E7247D2}"
EndProject
Project("{9A19103F-16F7-4668-BE54-9A1E7A4F7556}") = "SimplePlugin.Application", "SimplePlugin.Application\SimplePlugin.Application.csproj", "{6ADBB336-BBBC-4508-A6B6-6FE297C28D8C}"
EndProject
Project("{9A19103F-16F7-4668-BE54-9A1E7A4F7556}") = "SimplePlugin.Plugin", "SimplePlugin.Plugin\SimplePlugin.Plugin.csproj", "{2E9718F6-7522-436A-A722-BC82EA00F532}"
EndProject
Project("{9A19103F-16F7-4668-BE54-9A1E7A4F7556}") = "SimplePlugin.BubbleSortPlugin", "SimplePlugin.BubbleSortPlugin\SimplePlugin.BubbleSortPlugin.csproj", "{034DCB35-8468-4776-BBE2-52BB77DCF9CA}"
EndProject
Project("{2150E333-8FDC-42A3-9474-1A3956D46DE8}") = "002_DiPlugin", "002_DiPlugin", "{D3569DEE-A55A-4E77-83C8-097BDB5E43CF}"
EndProject
Project("{9A19103F-16F7-4668-BE54-9A1E7A4F7556}") = "DiPlugin.Application", "DiPlugin.Application\DiPlugin.Application.csproj", "{559006D6-6AB3-403E-A905-FF99EDB550BA}"
EndProject
Project("{9A19103F-16F7-4668-BE54-9A1E7A4F7556}") = "DiPlugin.Common", "DiPlugin.Common\DiPlugin.Common.csproj", "{EE2C0FF4-352D-4478-A0B0-A49FE6BAAD9C}"
EndProject
Project("{9A19103F-16F7-4668-BE54-9A1E7A4F7556}") = "DiPlugin.BubbleSortPlugin", "DiPlugin.BubbleSortPlugin\DiPlugin.BubbleSortPlugin.csproj", "{190C1A01-B206-4822-A5E1-EB90647C31BC}"
EndProject
Project("{9A19103F-16F7-4668-BE54-9A1E7A4F7556}") = "DiPlugin.Plugin", "DiPlugin.Plugin\DiPlugin.Plugin.csproj", "{EAED11FE-D4D1-4DD3-A453-45254EE08370}"
EndProject
Project("{2150E333-8FDC-42A3-9474-1A3956D46DE8}") = "003_MefPlugin", "003_MefPlugin", "{F5301646-6CD2-4508-B6CD-896D8EAD8BD4}"
EndProject
Project("{9A19103F-16F7-4668-BE54-9A1E7A4F7556}") = "MefPlugin.Application", "MefPlugin.Application\MefPlugin.Application.csproj", "{61EC53E2-8B89-4721-8ABB-663AF4981C7F}"
EndProject
Project("{9A19103F-16F7-4668-BE54-9A1E7A4F7556}") = "MefPlugin.Plugin", "MefPlugin.Plugin\MefPlugin.Plugin.csproj", "{E6C72238-530C-4DF6-91E0-D0799703CA54}"
EndProject
Project("{9A19103F-16F7-4668-BE54-9A1E7A4F7556}") = "MefPlugin.BubbleSortPlugin", "MefPlugin.BubbleSortPlugin\MefPlugin.BubbleSortPlugin.csproj", "{4FD49528-19C8-49EC-974F-6A9865761DA8}"
EndProject
Project("{9A19103F-16F7-4668-BE54-9A1E7A4F7556}") = "DiPlugin.DependencyInjection", "DiPlugin.Dependency\DiPlugin.DependencyInjection.csproj", "{D7B51C12-3A75-4D85-BC65-2C182D2F7ED7}"
EndProject
Project("{9A19103F-16F7-4668-BE54-9A1E7A4F7556}") = "SimplePlugin.QuickSortPlugin", "SimplePlugin.QuickSortPlugin\SimplePlugin.QuickSortPlugin.csproj", "{2787A385-B8A2-4955-BA21-92343C6C9B7D}"
EndProject
Project("{9A19103F-16F7-4668-BE54-9A1E7A4F7556}") = "DiPlugin.QuickSortPlugin", "DiPlugin.QuickSortPlugin\DiPlugin.QuickSortPlugin.csproj", "{5C8D3196-1E2F-4A77-9B3E-3F3DB4E547B2}"
EndProject
Global
	GlobalSection(SolutionConfigurationPlatforms) = preSolution
		Debug|Any CPU = Debug|Any CPU
		Release|Any CPU = Release|Any CPU
	EndGlobalSection
	GlobalSection(ProjectConfigurationPlatforms) = postSolution
		{6ADBB336-BBBC-4508-A6B6-6FE297C28D8C}.Debug|Any CPU.ActiveCfg = Debug|Any CPU
		{6ADBB336-BBBC-4508-A6B6-6FE297C28D8C}.Debug|Any CPU.Build.0 = Debug|Any CPU
		{6ADBB336-BBBC-4508-A6B6-6FE297C28D8C}.Release|Any CPU.ActiveCfg = Release|Any CPU
		{6ADBB336-BBBC-4508-A6B6-6FE297C28D8C}.Release|Any CPU.Build.0 = Release|Any CPU
		{2E9718F6-7522-436A-A722-BC82EA00F532}.Debug|Any CPU.ActiveCfg = Debug|Any CPU
		{2E9718F6-7522-436A-A722-BC82EA00F532}.Debug|Any CPU.Build.0 = Debug|Any CPU
		{2E9718F6-7522-436A-A722-BC82EA00F532}.Release|Any CPU.ActiveCfg = Release|Any CPU
		{2E9718F6-7522-436A-A722-BC82EA00F532}.Release|Any CPU.Build.0 = Release|Any CPU
		{034DCB35-8468-4776-BBE2-52BB77DCF9CA}.Debug|Any CPU.ActiveCfg = Debug|Any CPU
		{034DCB35-8468-4776-BBE2-52BB77DCF9CA}.Debug|Any CPU.Build.0 = Debug|Any CPU
		{034DCB35-8468-4776-BBE2-52BB77DCF9CA}.Release|Any CPU.ActiveCfg = Release|Any CPU
		{034DCB35-8468-4776-BBE2-52BB77DCF9CA}.Release|Any CPU.Build.0 = Release|Any CPU
		{559006D6-6AB3-403E-A905-FF99EDB550BA}.Debug|Any CPU.ActiveCfg = Debug|Any CPU
		{559006D6-6AB3-403E-A905-FF99EDB550BA}.Debug|Any CPU.Build.0 = Debug|Any CPU
		{559006D6-6AB3-403E-A905-FF99EDB550BA}.Release|Any CPU.ActiveCfg = Release|Any CPU
		{559006D6-6AB3-403E-A905-FF99EDB550BA}.Release|Any CPU.Build.0 = Release|Any CPU
		{EE2C0FF4-352D-4478-A0B0-A49FE6BAAD9C}.Debug|Any CPU.ActiveCfg = Debug|Any CPU
		{EE2C0FF4-352D-4478-A0B0-A49FE6BAAD9C}.Debug|Any CPU.Build.0 = Debug|Any CPU
		{EE2C0FF4-352D-4478-A0B0-A49FE6BAAD9C}.Release|Any CPU.ActiveCfg = Release|Any CPU
		{EE2C0FF4-352D-4478-A0B0-A49FE6BAAD9C}.Release|Any CPU.Build.0 = Release|Any CPU
		{190C1A01-B206-4822-A5E1-EB90647C31BC}.Debug|Any CPU.ActiveCfg = Debug|Any CPU
		{190C1A01-B206-4822-A5E1-EB90647C31BC}.Debug|Any CPU.Build.0 = Debug|Any CPU
		{190C1A01-B206-4822-A5E1-EB90647C31BC}.Release|Any CPU.ActiveCfg = Release|Any CPU
		{190C1A01-B206-4822-A5E1-EB90647C31BC}.Release|Any CPU.Build.0 = Release|Any CPU
		{EAED11FE-D4D1-4DD3-A453-45254EE08370}.Debug|Any CPU.ActiveCfg = Debug|Any CPU
		{EAED11FE-D4D1-4DD3-A453-45254EE08370}.Debug|Any CPU.Build.0 = Debug|Any CPU
		{EAED11FE-D4D1-4DD3-A453-45254EE08370}.Release|Any CPU.ActiveCfg = Release|Any CPU
		{EAED11FE-D4D1-4DD3-A453-45254EE08370}.Release|Any CPU.Build.0 = Release|Any CPU
		{61EC53E2-8B89-4721-8ABB-663AF4981C7F}.Debug|Any CPU.ActiveCfg = Debug|Any CPU
		{61EC53E2-8B89-4721-8ABB-663AF4981C7F}.Debug|Any CPU.Build.0 = Debug|Any CPU
		{61EC53E2-8B89-4721-8ABB-663AF4981C7F}.Release|Any CPU.ActiveCfg = Release|Any CPU
		{61EC53E2-8B89-4721-8ABB-663AF4981C7F}.Release|Any CPU.Build.0 = Release|Any CPU
		{E6C72238-530C-4DF6-91E0-D0799703CA54}.Debug|Any CPU.ActiveCfg = Debug|Any CPU
		{E6C72238-530C-4DF6-91E0-D0799703CA54}.Debug|Any CPU.Build.0 = Debug|Any CPU
		{E6C72238-530C-4DF6-91E0-D0799703CA54}.Release|Any CPU.ActiveCfg = Release|Any CPU
		{E6C72238-530C-4DF6-91E0-D0799703CA54}.Release|Any CPU.Build.0 = Release|Any CPU
		{4FD49528-19C8-49EC-974F-6A9865761DA8}.Debug|Any CPU.ActiveCfg = Debug|Any CPU
		{4FD49528-19C8-49EC-974F-6A9865761DA8}.Debug|Any CPU.Build.0 = Debug|Any CPU
		{4FD49528-19C8-49EC-974F-6A9865761DA8}.Release|Any CPU.ActiveCfg = Release|Any CPU
		{4FD49528-19C8-49EC-974F-6A9865761DA8}.Release|Any CPU.Build.0 = Release|Any CPU
		{D7B51C12-3A75-4D85-BC65-2C182D2F7ED7}.Debug|Any CPU.ActiveCfg = Debug|Any CPU
		{D7B51C12-3A75-4D85-BC65-2C182D2F7ED7}.Debug|Any CPU.Build.0 = Debug|Any CPU
		{D7B51C12-3A75-4D85-BC65-2C182D2F7ED7}.Release|Any CPU.ActiveCfg = Release|Any CPU
		{D7B51C12-3A75-4D85-BC65-2C182D2F7ED7}.Release|Any CPU.Build.0 = Release|Any CPU
		{2787A385-B8A2-4955-BA21-92343C6C9B7D}.Debug|Any CPU.ActiveCfg = Debug|Any CPU
		{2787A385-B8A2-4955-BA21-92343C6C9B7D}.Debug|Any CPU.Build.0 = Debug|Any CPU
		{2787A385-B8A2-4955-BA21-92343C6C9B7D}.Release|Any CPU.ActiveCfg = Release|Any CPU
		{2787A385-B8A2-4955-BA21-92343C6C9B7D}.Release|Any CPU.Build.0 = Release|Any CPU
		{5C8D3196-1E2F-4A77-9B3E-3F3DB4E547B2}.Debug|Any CPU.ActiveCfg = Debug|Any CPU
		{5C8D3196-1E2F-4A77-9B3E-3F3DB4E547B2}.Debug|Any CPU.Build.0 = Debug|Any CPU
		{5C8D3196-1E2F-4A77-9B3E-3F3DB4E547B2}.Release|Any CPU.ActiveCfg = Release|Any CPU
		{5C8D3196-1E2F-4A77-9B3E-3F3DB4E547B2}.Release|Any CPU.Build.0 = Release|Any CPU
	EndGlobalSection
	GlobalSection(SolutionProperties) = preSolution
		HideSolutionNode = FALSE
	EndGlobalSection
	GlobalSection(NestedProjects) = preSolution
		{6ADBB336-BBBC-4508-A6B6-6FE297C28D8C} = {530DF0C0-F3AA-475A-9C8C-45F46E7247D2}
		{2E9718F6-7522-436A-A722-BC82EA00F532} = {530DF0C0-F3AA-475A-9C8C-45F46E7247D2}
		{034DCB35-8468-4776-BBE2-52BB77DCF9CA} = {530DF0C0-F3AA-475A-9C8C-45F46E7247D2}
		{559006D6-6AB3-403E-A905-FF99EDB550BA} = {D3569DEE-A55A-4E77-83C8-097BDB5E43CF}
		{EE2C0FF4-352D-4478-A0B0-A49FE6BAAD9C} = {D3569DEE-A55A-4E77-83C8-097BDB5E43CF}
		{190C1A01-B206-4822-A5E1-EB90647C31BC} = {D3569DEE-A55A-4E77-83C8-097BDB5E43CF}
		{EAED11FE-D4D1-4DD3-A453-45254EE08370} = {D3569DEE-A55A-4E77-83C8-097BDB5E43CF}
		{61EC53E2-8B89-4721-8ABB-663AF4981C7F} = {F5301646-6CD2-4508-B6CD-896D8EAD8BD4}
		{E6C72238-530C-4DF6-91E0-D0799703CA54} = {F5301646-6CD2-4508-B6CD-896D8EAD8BD4}
		{4FD49528-19C8-49EC-974F-6A9865761DA8} = {F5301646-6CD2-4508-B6CD-896D8EAD8BD4}
		{D7B51C12-3A75-4D85-BC65-2C182D2F7ED7} = {D3569DEE-A55A-4E77-83C8-097BDB5E43CF}
		{2787A385-B8A2-4955-BA21-92343C6C9B7D} = {530DF0C0-F3AA-475A-9C8C-45F46E7247D2}
		{5C8D3196-1E2F-4A77-9B3E-3F3DB4E547B2} = {D3569DEE-A55A-4E77-83C8-097BDB5E43CF}
	EndGlobalSection
	GlobalSection(ExtensibilityGlobals) = postSolution
		SolutionGuid = {CADBB32F-805B-4F28-A1B4-7FC878B3D998}
	EndGlobalSection
EndGlobal
